
Microsoft Visual Studio Solution File, Format Version 12.00
# Visual Studio Version 16
VisualStudioVersion = 16.0.30002.166
MinimumVisualStudioVersion = 10.0.40219.1
Project("{FAE04EC0-301F-11D3-BF4B-00C04F79EFBC}") = "pjPalmera.PL", "PL\pjPalmera.PL.csproj", "{95A1B5CA-D0C3-497E-A314-ABFB8AE110AF}"
EndProject
Project("{FAE04EC0-301F-11D3-BF4B-00C04F79EFBC}") = "pjPalmera.BLL", "BLL\pjPalmera.BLL.csproj", "{E3EC5F0A-CD53-40CB-A68C-58B40ABD40FA}"
EndProject
Project("{FAE04EC0-301F-11D3-BF4B-00C04F79EFBC}") = "pjPalmera.Entities", "Entities\pjPalmera.Entities.csproj", "{65164C5B-B7E9-483A-966A-E5DC9AAEE214}"
EndProject
Project("{FAE04EC0-301F-11D3-BF4B-00C04F79EFBC}") = "pjPalmera.DAL", "DAL\pjPalmera.DAL.csproj", "{4F1593FC-47F7-4B98-8AFE-395A39D47367}"
EndProject
Global
	GlobalSection(SolutionConfigurationPlatforms) = preSolution
		Debug|Any CPU = Debug|Any CPU
		Release|Any CPU = Release|Any CPU
	EndGlobalSection
	GlobalSection(ProjectConfigurationPlatforms) = postSolution
		{95A1B5CA-D0C3-497E-A314-ABFB8AE110AF}.Debug|Any CPU.ActiveCfg = Debug|Any CPU
		{95A1B5CA-D0C3-497E-A314-ABFB8AE110AF}.Debug|Any CPU.Build.0 = Debug|Any CPU
		{95A1B5CA-D0C3-497E-A314-ABFB8AE110AF}.Release|Any CPU.ActiveCfg = Release|Any CPU
		{95A1B5CA-D0C3-497E-A314-ABFB8AE110AF}.Release|Any CPU.Build.0 = Release|Any CPU
		{E3EC5F0A-CD53-40CB-A68C-58B40ABD40FA}.Debug|Any CPU.ActiveCfg = Debug|Any CPU
		{E3EC5F0A-CD53-40CB-A68C-58B40ABD40FA}.Debug|Any CPU.Build.0 = Debug|Any CPU
		{E3EC5F0A-CD53-40CB-A68C-58B40ABD40FA}.Release|Any CPU.ActiveCfg = Release|Any CPU
		{E3EC5F0A-CD53-40CB-A68C-58B40ABD40FA}.Release|Any CPU.Build.0 = Release|Any CPU
		{65164C5B-B7E9-483A-966A-E5DC9AAEE214}.Debug|Any CPU.ActiveCfg = Debug|Any CPU
		{65164C5B-B7E9-483A-966A-E5DC9AAEE214}.Debug|Any CPU.Build.0 = Debug|Any CPU
		{65164C5B-B7E9-483A-966A-E5DC9AAEE214}.Release|Any CPU.ActiveCfg = Release|Any CPU
		{65164C5B-B7E9-483A-966A-E5DC9AAEE214}.Release|Any CPU.Build.0 = Release|Any CPU
		{4F1593FC-47F7-4B98-8AFE-395A39D47367}.Debug|Any CPU.ActiveCfg = Debug|Any CPU
		{4F1593FC-47F7-4B98-8AFE-395A39D47367}.Debug|Any CPU.Build.0 = Debug|Any CPU
		{4F1593FC-47F7-4B98-8AFE-395A39D47367}.Release|Any CPU.ActiveCfg = Release|Any CPU
		{4F1593FC-47F7-4B98-8AFE-395A39D47367}.Release|Any CPU.Build.0 = Release|Any CPU
	EndGlobalSection
	GlobalSection(SolutionProperties) = preSolution
		HideSolutionNode = FALSE
	EndGlobalSection
	GlobalSection(ExtensibilityGlobals) = postSolution
		SolutionGuid = {A3B0D945-556B-447B-A6A6-2A558BED41B2}
	EndGlobalSection
EndGlobal
